// !$*UTF8*$!
{
	archiveVersion = 1;
	classes = {
	};
	objectVersion = 46;
	objects = {

/* Begin PBXBuildFile section */
		10184D2E1EB78C1800105B87 /* HealthKit.framework in Frameworks */ = {isa = PBXBuildFile; fileRef = 10184D2D1EB78C1800105B87 /* HealthKit.framework */; };
		102B087A1EAB2F320085B0C8 /* baseNavigationViewController.m in Sources */ = {isa = PBXBuildFile; fileRef = 102B08791EAB2F320085B0C8 /* baseNavigationViewController.m */; };
		104ACD6A1EAAFF0D00B1AF05 /* main.m in Sources */ = {isa = PBXBuildFile; fileRef = 104ACD691EAAFF0D00B1AF05 /* main.m */; };
		104ACD6D1EAAFF0D00B1AF05 /* AppDelegate.m in Sources */ = {isa = PBXBuildFile; fileRef = 104ACD6C1EAAFF0D00B1AF05 /* AppDelegate.m */; };
		104ACD731EAAFF0D00B1AF05 /* Main.storyboard in Resources */ = {isa = PBXBuildFile; fileRef = 104ACD711EAAFF0D00B1AF05 /* Main.storyboard */; };
		104ACD761EAAFF0D00B1AF05 /* PeriodHelper.xcdatamodeld in Sources */ = {isa = PBXBuildFile; fileRef = 104ACD741EAAFF0D00B1AF05 /* PeriodHelper.xcdatamodeld */; };
		104ACD781EAAFF0D00B1AF05 /* Assets.xcassets in Resources */ = {isa = PBXBuildFile; fileRef = 104ACD771EAAFF0D00B1AF05 /* Assets.xcassets */; };
		104ACD7B1EAAFF0D00B1AF05 /* LaunchScreen.storyboard in Resources */ = {isa = PBXBuildFile; fileRef = 104ACD791EAAFF0D00B1AF05 /* LaunchScreen.storyboard */; };
		104ACD861EAAFF0D00B1AF05 /* PeriodHelperTests.m in Sources */ = {isa = PBXBuildFile; fileRef = 104ACD851EAAFF0D00B1AF05 /* PeriodHelperTests.m */; };
		104ACD911EAAFF0D00B1AF05 /* PeriodHelperUITests.m in Sources */ = {isa = PBXBuildFile; fileRef = 104ACD901EAAFF0D00B1AF05 /* PeriodHelperUITests.m */; };
		104ACDA01EAAFF3700B1AF05 /* PHMainPage.m in Sources */ = {isa = PBXBuildFile; fileRef = 104ACD9F1EAAFF3700B1AF05 /* PHMainPage.m */; };
		104F67CA1EB63736003336DE /* FirebaseModel.m in Sources */ = {isa = PBXBuildFile; fileRef = 104F67C91EB63736003336DE /* FirebaseModel.m */; };
		104F67D01EB6D425003336DE /* PHAccountPage.m in Sources */ = {isa = PBXBuildFile; fileRef = 104F67CF1EB6D425003336DE /* PHAccountPage.m */; };
		104F67D31EB6EAAC003336DE /* PHAddDataPage.m in Sources */ = {isa = PBXBuildFile; fileRef = 104F67D21EB6EAAC003336DE /* PHAddDataPage.m */; };
		104F67D91EB6F0DC003336DE /* PHuserDataModel.m in Sources */ = {isa = PBXBuildFile; fileRef = 104F67D81EB6F0DC003336DE /* PHuserDataModel.m */; };
		1087B83D1EB4381400CBA33F /* GoogleService-Info.plist in Resources */ = {isa = PBXBuildFile; fileRef = 1087B83C1EB4381400CBA33F /* GoogleService-Info.plist */; };
		1087B8401EB43B6700CBA33F /* baseViewController.m in Sources */ = {isa = PBXBuildFile; fileRef = 1087B83F1EB43B6700CBA33F /* baseViewController.m */; };
		1087B8451EB43D0100CBA33F /* PHLoginPage.m in Sources */ = {isa = PBXBuildFile; fileRef = 1087B8441EB43D0100CBA33F /* PHLoginPage.m */; };
		F7E7986D55AE2B3A02B734CD /* libPods-PeriodHelper.a in Frameworks */ = {isa = PBXBuildFile; fileRef = 268531C45CF846D064C13280 /* libPods-PeriodHelper.a */; };
/* End PBXBuildFile section */

/* Begin PBXContainerItemProxy section */
		104ACD821EAAFF0D00B1AF05 /* PBXContainerItemProxy */ = {
			isa = PBXContainerItemProxy;
			containerPortal = 104ACD5D1EAAFF0D00B1AF05 /* Project object */;
			proxyType = 1;
			remoteGlobalIDString = 104ACD641EAAFF0D00B1AF05;
			remoteInfo = PeriodHelper;
		};
		104ACD8D1EAAFF0D00B1AF05 /* PBXContainerItemProxy */ = {
			isa = PBXContainerItemProxy;
			containerPortal = 104ACD5D1EAAFF0D00B1AF05 /* Project object */;
			proxyType = 1;
			remoteGlobalIDString = 104ACD641EAAFF0D00B1AF05;
			remoteInfo = PeriodHelper;
		};
/* End PBXContainerItemProxy section */

/* Begin PBXFileReference section */
		0727E834EF719F20388217D0 /* Pods-PeriodHelper.release.xcconfig */ = {isa = PBXFileReference; includeInIndex = 1; lastKnownFileType = text.xcconfig; name = "Pods-PeriodHelper.release.xcconfig"; path = "Pods/Target Support Files/Pods-PeriodHelper/Pods-PeriodHelper.release.xcconfig"; sourceTree = "<group>"; };
		10184D2C1EB78C1700105B87 /* PeriodHelper.entitlements */ = {isa = PBXFileReference; lastKnownFileType = text.plist.entitlements; path = PeriodHelper.entitlements; sourceTree = "<group>"; };
		10184D2D1EB78C1800105B87 /* HealthKit.framework */ = {isa = PBXFileReference; lastKnownFileType = wrapper.framework; name = HealthKit.framework; path = System/Library/Frameworks/HealthKit.framework; sourceTree = SDKROOT; };
		102B08781EAB2F320085B0C8 /* baseNavigationViewController.h */ = {isa = PBXFileReference; fileEncoding = 4; lastKnownFileType = sourcecode.c.h; path = baseNavigationViewController.h; sourceTree = "<group>"; };
		102B08791EAB2F320085B0C8 /* baseNavigationViewController.m */ = {isa = PBXFileReference; fileEncoding = 4; lastKnownFileType = sourcecode.c.objc; path = baseNavigationViewController.m; sourceTree = "<group>"; };
		102B087B1EAB2F670085B0C8 /* General.h */ = {isa = PBXFileReference; lastKnownFileType = sourcecode.c.h; path = General.h; sourceTree = "<group>"; };
		104ACD651EAAFF0D00B1AF05 /* PeriodHelper.app */ = {isa = PBXFileReference; explicitFileType = wrapper.application; includeInIndex = 0; path = PeriodHelper.app; sourceTree = BUILT_PRODUCTS_DIR; };
		104ACD691EAAFF0D00B1AF05 /* main.m */ = {isa = PBXFileReference; lastKnownFileType = sourcecode.c.objc; path = main.m; sourceTree = "<group>"; };
		104ACD6B1EAAFF0D00B1AF05 /* AppDelegate.h */ = {isa = PBXFileReference; lastKnownFileType = sourcecode.c.h; path = AppDelegate.h; sourceTree = "<group>"; };
		104ACD6C1EAAFF0D00B1AF05 /* AppDelegate.m */ = {isa = PBXFileReference; lastKnownFileType = sourcecode.c.objc; path = AppDelegate.m; sourceTree = "<group>"; };
		104ACD721EAAFF0D00B1AF05 /* Base */ = {isa = PBXFileReference; lastKnownFileType = file.storyboard; name = Base; path = Base.lproj/Main.storyboard; sourceTree = "<group>"; };
		104ACD751EAAFF0D00B1AF05 /* PeriodHelper.xcdatamodel */ = {isa = PBXFileReference; lastKnownFileType = wrapper.xcdatamodel; path = PeriodHelper.xcdatamodel; sourceTree = "<group>"; };
		104ACD771EAAFF0D00B1AF05 /* Assets.xcassets */ = {isa = PBXFileReference; lastKnownFileType = folder.assetcatalog; path = Assets.xcassets; sourceTree = "<group>"; };
		104ACD7A1EAAFF0D00B1AF05 /* Base */ = {isa = PBXFileReference; lastKnownFileType = file.storyboard; name = Base; path = Base.lproj/LaunchScreen.storyboard; sourceTree = "<group>"; };
		104ACD7C1EAAFF0D00B1AF05 /* Info.plist */ = {isa = PBXFileReference; lastKnownFileType = text.plist.xml; path = Info.plist; sourceTree = "<group>"; };
		104ACD811EAAFF0D00B1AF05 /* PeriodHelperTests.xctest */ = {isa = PBXFileReference; explicitFileType = wrapper.cfbundle; includeInIndex = 0; path = PeriodHelperTests.xctest; sourceTree = BUILT_PRODUCTS_DIR; };
		104ACD851EAAFF0D00B1AF05 /* PeriodHelperTests.m */ = {isa = PBXFileReference; lastKnownFileType = sourcecode.c.objc; path = PeriodHelperTests.m; sourceTree = "<group>"; };
		104ACD871EAAFF0D00B1AF05 /* Info.plist */ = {isa = PBXFileReference; lastKnownFileType = text.plist.xml; path = Info.plist; sourceTree = "<group>"; };
		104ACD8C1EAAFF0D00B1AF05 /* PeriodHelperUITests.xctest */ = {isa = PBXFileReference; explicitFileType = wrapper.cfbundle; includeInIndex = 0; path = PeriodHelperUITests.xctest; sourceTree = BUILT_PRODUCTS_DIR; };
		104ACD901EAAFF0D00B1AF05 /* PeriodHelperUITests.m */ = {isa = PBXFileReference; lastKnownFileType = sourcecode.c.objc; path = PeriodHelperUITests.m; sourceTree = "<group>"; };
		104ACD921EAAFF0D00B1AF05 /* Info.plist */ = {isa = PBXFileReference; lastKnownFileType = text.plist.xml; path = Info.plist; sourceTree = "<group>"; };
		104ACD9E1EAAFF3700B1AF05 /* PHMainPage.h */ = {isa = PBXFileReference; fileEncoding = 4; lastKnownFileType = sourcecode.c.h; path = PHMainPage.h; sourceTree = "<group>"; };
		104ACD9F1EAAFF3700B1AF05 /* PHMainPage.m */ = {isa = PBXFileReference; fileEncoding = 4; lastKnownFileType = sourcecode.c.objc; path = PHMainPage.m; sourceTree = "<group>"; };
		104F67C81EB63736003336DE /* FirebaseModel.h */ = {isa = PBXFileReference; fileEncoding = 4; lastKnownFileType = sourcecode.c.h; path = FirebaseModel.h; sourceTree = "<group>"; };
		104F67C91EB63736003336DE /* FirebaseModel.m */ = {isa = PBXFileReference; fileEncoding = 4; lastKnownFileType = sourcecode.c.objc; path = FirebaseModel.m; sourceTree = "<group>"; };
		104F67CE1EB6D425003336DE /* PHAccountPage.h */ = {isa = PBXFileReference; fileEncoding = 4; lastKnownFileType = sourcecode.c.h; path = PHAccountPage.h; sourceTree = "<group>"; };
		104F67CF1EB6D425003336DE /* PHAccountPage.m */ = {isa = PBXFileReference; fileEncoding = 4; lastKnownFileType = sourcecode.c.objc; path = PHAccountPage.m; sourceTree = "<group>"; };
		104F67D11EB6EAAC003336DE /* PHAddDataPage.h */ = {isa = PBXFileReference; fileEncoding = 4; lastKnownFileType = sourcecode.c.h; path = PHAddDataPage.h; sourceTree = "<group>"; };
		104F67D21EB6EAAC003336DE /* PHAddDataPage.m */ = {isa = PBXFileReference; fileEncoding = 4; lastKnownFileType = sourcecode.c.objc; path = PHAddDataPage.m; sourceTree = "<group>"; };
		104F67D71EB6F0DC003336DE /* PHuserDataModel.h */ = {isa = PBXFileReference; fileEncoding = 4; lastKnownFileType = sourcecode.c.h; path = PHuserDataModel.h; sourceTree = "<group>"; };
		104F67D81EB6F0DC003336DE /* PHuserDataModel.m */ = {isa = PBXFileReference; fileEncoding = 4; lastKnownFileType = sourcecode.c.objc; path = PHuserDataModel.m; sourceTree = "<group>"; };
		1087B83C1EB4381400CBA33F /* GoogleService-Info.plist */ = {isa = PBXFileReference; fileEncoding = 4; lastKnownFileType = text.plist.xml; path = "GoogleService-Info.plist"; sourceTree = "<group>"; };
		1087B83E1EB43B6700CBA33F /* baseViewController.h */ = {isa = PBXFileReference; fileEncoding = 4; lastKnownFileType = sourcecode.c.h; path = baseViewController.h; sourceTree = "<group>"; };
		1087B83F1EB43B6700CBA33F /* baseViewController.m */ = {isa = PBXFileReference; fileEncoding = 4; lastKnownFileType = sourcecode.c.objc; path = baseViewController.m; sourceTree = "<group>"; };
		1087B8421EB43BA300CBA33F /* PeriodHelper-PrefixHeader.pch */ = {isa = PBXFileReference; lastKnownFileType = sourcecode.c.h; path = "PeriodHelper-PrefixHeader.pch"; sourceTree = "<group>"; };
		1087B8431EB43D0100CBA33F /* PHLoginPage.h */ = {isa = PBXFileReference; fileEncoding = 4; lastKnownFileType = sourcecode.c.h; path = PHLoginPage.h; sourceTree = "<group>"; };
		1087B8441EB43D0100CBA33F /* PHLoginPage.m */ = {isa = PBXFileReference; fileEncoding = 4; lastKnownFileType = sourcecode.c.objc; path = PHLoginPage.m; sourceTree = "<group>"; };
		268531C45CF846D064C13280 /* libPods-PeriodHelper.a */ = {isa = PBXFileReference; explicitFileType = archive.ar; includeInIndex = 0; path = "libPods-PeriodHelper.a"; sourceTree = BUILT_PRODUCTS_DIR; };
		60FF1FD7E26E04407EF0AFCA /* Pods-PeriodHelper.debug.xcconfig */ = {isa = PBXFileReference; includeInIndex = 1; lastKnownFileType = text.xcconfig; name = "Pods-PeriodHelper.debug.xcconfig"; path = "Pods/Target Support Files/Pods-PeriodHelper/Pods-PeriodHelper.debug.xcconfig"; sourceTree = "<group>"; };
/* End PBXFileReference section */

/* Begin PBXFrameworksBuildPhase section */
		104ACD621EAAFF0D00B1AF05 /* Frameworks */ = {
			isa = PBXFrameworksBuildPhase;
			buildActionMask = 2147483647;
			files = (
				F7E7986D55AE2B3A02B734CD /* libPods-PeriodHelper.a in Frameworks */,
				10184D2E1EB78C1800105B87 /* HealthKit.framework in Frameworks */,
			);
			runOnlyForDeploymentPostprocessing = 0;
		};
		104ACD7E1EAAFF0D00B1AF05 /* Frameworks */ = {
			isa = PBXFrameworksBuildPhase;
			buildActionMask = 2147483647;
			files = (
			);
			runOnlyForDeploymentPostprocessing = 0;
		};
		104ACD891EAAFF0D00B1AF05 /* Frameworks */ = {
			isa = PBXFrameworksBuildPhase;
			buildActionMask = 2147483647;
			files = (
			);
			runOnlyForDeploymentPostprocessing = 0;
		};
/* End PBXFrameworksBuildPhase section */

/* Begin PBXGroup section */
		104ACD5C1EAAFF0D00B1AF05 = {
			isa = PBXGroup;
			children = (
				104ACD671EAAFF0D00B1AF05 /* PeriodHelper */,
				104ACD841EAAFF0D00B1AF05 /* PeriodHelperTests */,
				104ACD8F1EAAFF0D00B1AF05 /* PeriodHelperUITests */,
				104ACD661EAAFF0D00B1AF05 /* Products */,
				E3FEECB44DD6EEC683E5C5AC /* Pods */,
				54B3116D1E8AA442BB99EE32 /* Frameworks */,
			);
			sourceTree = "<group>";
		};
		104ACD661EAAFF0D00B1AF05 /* Products */ = {
			isa = PBXGroup;
			children = (
				104ACD651EAAFF0D00B1AF05 /* PeriodHelper.app */,
				104ACD811EAAFF0D00B1AF05 /* PeriodHelperTests.xctest */,
				104ACD8C1EAAFF0D00B1AF05 /* PeriodHelperUITests.xctest */,
			);
			name = Products;
			sourceTree = "<group>";
		};
		104ACD671EAAFF0D00B1AF05 /* PeriodHelper */ = {
			isa = PBXGroup;
			children = (
				10184D2C1EB78C1700105B87 /* PeriodHelper.entitlements */,
				104ACD6B1EAAFF0D00B1AF05 /* AppDelegate.h */,
				104ACD6C1EAAFF0D00B1AF05 /* AppDelegate.m */,
				102B087B1EAB2F670085B0C8 /* General.h */,
				104F67C81EB63736003336DE /* FirebaseModel.h */,
				104F67C91EB63736003336DE /* FirebaseModel.m */,
				104F67D71EB6F0DC003336DE /* PHuserDataModel.h */,
				104F67D81EB6F0DC003336DE /* PHuserDataModel.m */,
				104ACD9E1EAAFF3700B1AF05 /* PHMainPage.h */,
				104ACD9F1EAAFF3700B1AF05 /* PHMainPage.m */,
				1087B8431EB43D0100CBA33F /* PHLoginPage.h */,
				1087B8441EB43D0100CBA33F /* PHLoginPage.m */,
				104F67CE1EB6D425003336DE /* PHAccountPage.h */,
				104F67CF1EB6D425003336DE /* PHAccountPage.m */,
				104F67D11EB6EAAC003336DE /* PHAddDataPage.h */,
				104F67D21EB6EAAC003336DE /* PHAddDataPage.m */,
				104ACD711EAAFF0D00B1AF05 /* Main.storyboard */,
				1087B8411EB43B7200CBA33F /* baseViewControllers */,
				104ACD771EAAFF0D00B1AF05 /* Assets.xcassets */,
				104ACD791EAAFF0D00B1AF05 /* LaunchScreen.storyboard */,
				104ACD7C1EAAFF0D00B1AF05 /* Info.plist */,
				104ACD741EAAFF0D00B1AF05 /* PeriodHelper.xcdatamodeld */,
				104ACD681EAAFF0D00B1AF05 /* Supporting Files */,
				1087B83C1EB4381400CBA33F /* GoogleService-Info.plist */,
				1087B8421EB43BA300CBA33F /* PeriodHelper-PrefixHeader.pch */,
			);
			path = PeriodHelper;
			sourceTree = "<group>";
		};
		104ACD681EAAFF0D00B1AF05 /* Supporting Files */ = {
			isa = PBXGroup;
			children = (
				104ACD691EAAFF0D00B1AF05 /* main.m */,
			);
			name = "Supporting Files";
			sourceTree = "<group>";
		};
		104ACD841EAAFF0D00B1AF05 /* PeriodHelperTests */ = {
			isa = PBXGroup;
			children = (
				104ACD851EAAFF0D00B1AF05 /* PeriodHelperTests.m */,
				104ACD871EAAFF0D00B1AF05 /* Info.plist */,
			);
			path = PeriodHelperTests;
			sourceTree = "<group>";
		};
		104ACD8F1EAAFF0D00B1AF05 /* PeriodHelperUITests */ = {
			isa = PBXGroup;
			children = (
				104ACD901EAAFF0D00B1AF05 /* PeriodHelperUITests.m */,
				104ACD921EAAFF0D00B1AF05 /* Info.plist */,
			);
			path = PeriodHelperUITests;
			sourceTree = "<group>";
		};
		1087B8411EB43B7200CBA33F /* baseViewControllers */ = {
			isa = PBXGroup;
			children = (
				102B08781EAB2F320085B0C8 /* baseNavigationViewController.h */,
				102B08791EAB2F320085B0C8 /* baseNavigationViewController.m */,
				1087B83E1EB43B6700CBA33F /* baseViewController.h */,
				1087B83F1EB43B6700CBA33F /* baseViewController.m */,
			);
			name = baseViewControllers;
			sourceTree = "<group>";
		};
		54B3116D1E8AA442BB99EE32 /* Frameworks */ = {
			isa = PBXGroup;
			children = (
				10184D2D1EB78C1800105B87 /* HealthKit.framework */,
				268531C45CF846D064C13280 /* libPods-PeriodHelper.a */,
			);
			name = Frameworks;
			sourceTree = "<group>";
		};
		E3FEECB44DD6EEC683E5C5AC /* Pods */ = {
			isa = PBXGroup;
			children = (
				60FF1FD7E26E04407EF0AFCA /* Pods-PeriodHelper.debug.xcconfig */,
				0727E834EF719F20388217D0 /* Pods-PeriodHelper.release.xcconfig */,
			);
			name = Pods;
			sourceTree = "<group>";
		};
/* End PBXGroup section */

/* Begin PBXNativeTarget section */
		104ACD641EAAFF0D00B1AF05 /* PeriodHelper */ = {
			isa = PBXNativeTarget;
			buildConfigurationList = 104ACD951EAAFF0D00B1AF05 /* Build configuration list for PBXNativeTarget "PeriodHelper" */;
			buildPhases = (
				6ED672A95DE9BBB950853AEE /* [CP] Check Pods Manifest.lock */,
				104ACD611EAAFF0D00B1AF05 /* Sources */,
				104ACD621EAAFF0D00B1AF05 /* Frameworks */,
				104ACD631EAAFF0D00B1AF05 /* Resources */,
				C6EEF40D0D96A8D6F507A97F /* [CP] Embed Pods Frameworks */,
				37554FE59B029BAE965DDD8C /* [CP] Copy Pods Resources */,
			);
			buildRules = (
			);
			dependencies = (
			);
			name = PeriodHelper;
			productName = PeriodHelper;
			productReference = 104ACD651EAAFF0D00B1AF05 /* PeriodHelper.app */;
			productType = "com.apple.product-type.application";
		};
		104ACD801EAAFF0D00B1AF05 /* PeriodHelperTests */ = {
			isa = PBXNativeTarget;
			buildConfigurationList = 104ACD981EAAFF0D00B1AF05 /* Build configuration list for PBXNativeTarget "PeriodHelperTests" */;
			buildPhases = (
				104ACD7D1EAAFF0D00B1AF05 /* Sources */,
				104ACD7E1EAAFF0D00B1AF05 /* Frameworks */,
				104ACD7F1EAAFF0D00B1AF05 /* Resources */,
			);
			buildRules = (
			);
			dependencies = (
				104ACD831EAAFF0D00B1AF05 /* PBXTargetDependency */,
			);
			name = PeriodHelperTests;
			productName = PeriodHelperTests;
			productReference = 104ACD811EAAFF0D00B1AF05 /* PeriodHelperTests.xctest */;
			productType = "com.apple.product-type.bundle.unit-test";
		};
		104ACD8B1EAAFF0D00B1AF05 /* PeriodHelperUITests */ = {
			isa = PBXNativeTarget;
			buildConfigurationList = 104ACD9B1EAAFF0D00B1AF05 /* Build configuration list for PBXNativeTarget "PeriodHelperUITests" */;
			buildPhases = (
				104ACD881EAAFF0D00B1AF05 /* Sources */,
				104ACD891EAAFF0D00B1AF05 /* Frameworks */,
				104ACD8A1EAAFF0D00B1AF05 /* Resources */,
			);
			buildRules = (
			);
			dependencies = (
				104ACD8E1EAAFF0D00B1AF05 /* PBXTargetDependency */,
			);
			name = PeriodHelperUITests;
			productName = PeriodHelperUITests;
			productReference = 104ACD8C1EAAFF0D00B1AF05 /* PeriodHelperUITests.xctest */;
			productType = "com.apple.product-type.bundle.ui-testing";
		};
/* End PBXNativeTarget section */

/* Begin PBXProject section */
		104ACD5D1EAAFF0D00B1AF05 /* Project object */ = {
			isa = PBXProject;
			attributes = {
				LastUpgradeCheck = 0830;
				ORGANIZATIONNAME = GIGIGUN;
				TargetAttributes = {
					104ACD641EAAFF0D00B1AF05 = {
						CreatedOnToolsVersion = 8.3.2;
						DevelopmentTeam = 97365M2U5B;
						ProvisioningStyle = Automatic;
						SystemCapabilities = {
							com.apple.HealthKit = {
								enabled = 1;
							};
							com.apple.Push = {
								enabled = 1;
							};
						};
					};
					104ACD801EAAFF0D00B1AF05 = {
						CreatedOnToolsVersion = 8.3.2;
						DevelopmentTeam = 97365M2U5B;
						ProvisioningStyle = Automatic;
						TestTargetID = 104ACD641EAAFF0D00B1AF05;
					};
					104ACD8B1EAAFF0D00B1AF05 = {
						CreatedOnToolsVersion = 8.3.2;
						DevelopmentTeam = 97365M2U5B;
						ProvisioningStyle = Automatic;
						TestTargetID = 104ACD641EAAFF0D00B1AF05;
					};
				};
			};
			buildConfigurationList = 104ACD601EAAFF0D00B1AF05 /* Build configuration list for PBXProject "PeriodHelper" */;
			compatibilityVersion = "Xcode 3.2";
			developmentRegion = English;
			hasScannedForEncodings = 0;
			knownRegions = (
				en,
				Base,
			);
			mainGroup = 104ACD5C1EAAFF0D00B1AF05;
			productRefGroup = 104ACD661EAAFF0D00B1AF05 /* Products */;
			projectDirPath = "";
			projectRoot = "";
			targets = (
				104ACD641EAAFF0D00B1AF05 /* PeriodHelper */,
				104ACD801EAAFF0D00B1AF05 /* PeriodHelperTests */,
				104ACD8B1EAAFF0D00B1AF05 /* PeriodHelperUITests */,
			);
		};
/* End PBXProject section */

/* Begin PBXResourcesBuildPhase section */
		104ACD631EAAFF0D00B1AF05 /* Resources */ = {
			isa = PBXResourcesBuildPhase;
			buildActionMask = 2147483647;
			files = (
				104ACD7B1EAAFF0D00B1AF05 /* LaunchScreen.storyboard in Resources */,
				1087B83D1EB4381400CBA33F /* GoogleService-Info.plist in Resources */,
				104ACD781EAAFF0D00B1AF05 /* Assets.xcassets in Resources */,
				104ACD731EAAFF0D00B1AF05 /* Main.storyboard in Resources */,
			);
			runOnlyForDeploymentPostprocessing = 0;
		};
		104ACD7F1EAAFF0D00B1AF05 /* Resources */ = {
			isa = PBXResourcesBuildPhase;
			buildActionMask = 2147483647;
			files = (
			);
			runOnlyForDeploymentPostprocessing = 0;
		};
		104ACD8A1EAAFF0D00B1AF05 /* Resources */ = {
			isa = PBXResourcesBuildPhase;
			buildActionMask = 2147483647;
			files = (
			);
			runOnlyForDeploymentPostprocessing = 0;
		};
/* End PBXResourcesBuildPhase section */

/* Begin PBXShellScriptBuildPhase section */
		37554FE59B029BAE965DDD8C /* [CP] Copy Pods Resources */ = {
			isa = PBXShellScriptBuildPhase;
			buildActionMask = 2147483647;
			files = (
			);
			inputPaths = (
			);
			name = "[CP] Copy Pods Resources";
			outputPaths = (
			);
			runOnlyForDeploymentPostprocessing = 0;
			shellPath = /bin/sh;
			shellScript = "\"${SRCROOT}/Pods/Target Support Files/Pods-PeriodHelper/Pods-PeriodHelper-resources.sh\"\n";
			showEnvVarsInLog = 0;
		};
		6ED672A95DE9BBB950853AEE /* [CP] Check Pods Manifest.lock */ = {
			isa = PBXShellScriptBuildPhase;
			buildActionMask = 2147483647;
			files = (
			);
			inputPaths = (
			);
			name = "[CP] Check Pods Manifest.lock";
			outputPaths = (
			);
			runOnlyForDeploymentPostprocessing = 0;
			shellPath = /bin/sh;
			shellScript = "diff \"${PODS_ROOT}/../Podfile.lock\" \"${PODS_ROOT}/Manifest.lock\" > /dev/null\nif [ $? != 0 ] ; then\n    # print error to STDERR\n    echo \"error: The sandbox is not in sync with the Podfile.lock. Run 'pod install' or update your CocoaPods installation.\" >&2\n    exit 1\nfi\n";
			showEnvVarsInLog = 0;
		};
		C6EEF40D0D96A8D6F507A97F /* [CP] Embed Pods Frameworks */ = {
			isa = PBXShellScriptBuildPhase;
			buildActionMask = 2147483647;
			files = (
			);
			inputPaths = (
			);
			name = "[CP] Embed Pods Frameworks";
			outputPaths = (
			);
			runOnlyForDeploymentPostprocessing = 0;
			shellPath = /bin/sh;
			shellScript = "\"${SRCROOT}/Pods/Target Support Files/Pods-PeriodHelper/Pods-PeriodHelper-frameworks.sh\"\n";
			showEnvVarsInLog = 0;
		};
/* End PBXShellScriptBuildPhase section */

/* Begin PBXSourcesBuildPhase section */
		104ACD611EAAFF0D00B1AF05 /* Sources */ = {
			isa = PBXSourcesBuildPhase;
			buildActionMask = 2147483647;
			files = (
				104ACD761EAAFF0D00B1AF05 /* PeriodHelper.xcdatamodeld in Sources */,
				1087B8401EB43B6700CBA33F /* baseViewController.m in Sources */,
				104F67D31EB6EAAC003336DE /* PHAddDataPage.m in Sources */,
				104ACDA01EAAFF3700B1AF05 /* PHMainPage.m in Sources */,
				1087B8451EB43D0100CBA33F /* PHLoginPage.m in Sources */,
				104F67CA1EB63736003336DE /* FirebaseModel.m in Sources */,
				102B087A1EAB2F320085B0C8 /* baseNavigationViewController.m in Sources */,
				104ACD6D1EAAFF0D00B1AF05 /* AppDelegate.m in Sources */,
				104F67D91EB6F0DC003336DE /* PHuserDataModel.m in Sources */,
				104F67D01EB6D425003336DE /* PHAccountPage.m in Sources */,
				104ACD6A1EAAFF0D00B1AF05 /* main.m in Sources */,
			);
			runOnlyForDeploymentPostprocessing = 0;
		};
		104ACD7D1EAAFF0D00B1AF05 /* Sources */ = {
			isa = PBXSourcesBuildPhase;
			buildActionMask = 2147483647;
			files = (
				104ACD861EAAFF0D00B1AF05 /* PeriodHelperTests.m in Sources */,
			);
			runOnlyForDeploymentPostprocessing = 0;
		};
		104ACD881EAAFF0D00B1AF05 /* Sources */ = {
			isa = PBXSourcesBuildPhase;
			buildActionMask = 2147483647;
			files = (
				104ACD911EAAFF0D00B1AF05 /* PeriodHelperUITests.m in Sources */,
			);
			runOnlyForDeploymentPostprocessing = 0;
		};
/* End PBXSourcesBuildPhase section */

/* Begin PBXTargetDependency section */
		104ACD831EAAFF0D00B1AF05 /* PBXTargetDependency */ = {
			isa = PBXTargetDependency;
			target = 104ACD641EAAFF0D00B1AF05 /* PeriodHelper */;
			targetProxy = 104ACD821EAAFF0D00B1AF05 /* PBXContainerItemProxy */;
		};
		104ACD8E1EAAFF0D00B1AF05 /* PBXTargetDependency */ = {
			isa = PBXTargetDependency;
			target = 104ACD641EAAFF0D00B1AF05 /* PeriodHelper */;
			targetProxy = 104ACD8D1EAAFF0D00B1AF05 /* PBXContainerItemProxy */;
		};
/* End PBXTargetDependency section */

/* Begin PBXVariantGroup section */
		104ACD711EAAFF0D00B1AF05 /* Main.storyboard */ = {
			isa = PBXVariantGroup;
			children = (
				104ACD721EAAFF0D00B1AF05 /* Base */,
			);
			name = Main.storyboard;
			sourceTree = "<group>";
		};
		104ACD791EAAFF0D00B1AF05 /* LaunchScreen.storyboard */ = {
			isa = PBXVariantGroup;
			children = (
				104ACD7A1EAAFF0D00B1AF05 /* Base */,
			);
			name = LaunchScreen.storyboard;
			sourceTree = "<group>";
		};
/* End PBXVariantGroup section */

/* Begin XCBuildConfiguration section */
		104ACD931EAAFF0D00B1AF05 /* Debug */ = {
			isa = XCBuildConfiguration;
			buildSettings = {
				ALWAYS_SEARCH_USER_PATHS = NO;
				CLANG_ANALYZER_NONNULL = YES;
				CLANG_ANALYZER_NUMBER_OBJECT_CONVERSION = YES_AGGRESSIVE;
				CLANG_CXX_LANGUAGE_STANDARD = "gnu++0x";
				CLANG_CXX_LIBRARY = "libc++";
				CLANG_ENABLE_MODULES = YES;
				CLANG_ENABLE_OBJC_ARC = YES;
				CLANG_WARN_BOOL_CONVERSION = YES;
				CLANG_WARN_CONSTANT_CONVERSION = YES;
				CLANG_WARN_DIRECT_OBJC_ISA_USAGE = YES_ERROR;
				CLANG_WARN_DOCUMENTATION_COMMENTS = YES;
				CLANG_WARN_EMPTY_BODY = YES;
				CLANG_WARN_ENUM_CONVERSION = YES;
				CLANG_WARN_INFINITE_RECURSION = YES;
				CLANG_WARN_INT_CONVERSION = YES;
				CLANG_WARN_OBJC_ROOT_CLASS = YES_ERROR;
				CLANG_WARN_SUSPICIOUS_MOVE = YES;
				CLANG_WARN_UNREACHABLE_CODE = YES;
				CLANG_WARN__DUPLICATE_METHOD_MATCH = YES;
				"CODE_SIGN_IDENTITY[sdk=iphoneos*]" = "iPhone Developer";
				COPY_PHASE_STRIP = NO;
				DEBUG_INFORMATION_FORMAT = dwarf;
				ENABLE_STRICT_OBJC_MSGSEND = YES;
				ENABLE_TESTABILITY = YES;
				GCC_C_LANGUAGE_STANDARD = gnu99;
				GCC_DYNAMIC_NO_PIC = NO;
				GCC_NO_COMMON_BLOCKS = YES;
				GCC_OPTIMIZATION_LEVEL = 0;
				GCC_PREPROCESSOR_DEFINITIONS = (
					"DEBUG=1",
					"$(inherited)",
				);
				GCC_WARN_64_TO_32_BIT_CONVERSION = YES;
				GCC_WARN_ABOUT_RETURN_TYPE = YES_ERROR;
				GCC_WARN_UNDECLARED_SELECTOR = YES;
				GCC_WARN_UNINITIALIZED_AUTOS = YES_AGGRESSIVE;
				GCC_WARN_UNUSED_FUNCTION = YES;
				GCC_WARN_UNUSED_VARIABLE = YES;
				IPHONEOS_DEPLOYMENT_TARGET = 10.3;
				MTL_ENABLE_DEBUG_INFO = YES;
				ONLY_ACTIVE_ARCH = YES;
				SDKROOT = iphoneos;
			};
			name = Debug;
		};
		104ACD941EAAFF0D00B1AF05 /* Release */ = {
			isa = XCBuildConfiguration;
			buildSettings = {
				ALWAYS_SEARCH_USER_PATHS = NO;
				CLANG_ANALYZER_NONNULL = YES;
				CLANG_ANALYZER_NUMBER_OBJECT_CONVERSION = YES_AGGRESSIVE;
				CLANG_CXX_LANGUAGE_STANDARD = "gnu++0x";
				CLANG_CXX_LIBRARY = "libc++";
				CLANG_ENABLE_MODULES = YES;
				CLANG_ENABLE_OBJC_ARC = YES;
				CLANG_WARN_BOOL_CONVERSION = YES;
				CLANG_WARN_CONSTANT_CONVERSION = YES;
				CLANG_WARN_DIRECT_OBJC_ISA_USAGE = YES_ERROR;
				CLANG_WARN_DOCUMENTATION_COMMENTS = YES;
				CLANG_WARN_EMPTY_BODY = YES;
				CLANG_WARN_ENUM_CONVERSION = YES;
				CLANG_WARN_INFINITE_RECURSION = YES;
				CLANG_WARN_INT_CONVERSION = YES;
				CLANG_WARN_OBJC_ROOT_CLASS = YES_ERROR;
				CLANG_WARN_SUSPICIOUS_MOVE = YES;
				CLANG_WARN_UNREACHABLE_CODE = YES;
				CLANG_WARN__DUPLICATE_METHOD_MATCH = YES;
				"CODE_SIGN_IDENTITY[sdk=iphoneos*]" = "iPhone Developer";
				COPY_PHASE_STRIP = NO;
				DEBUG_INFORMATION_FORMAT = "dwarf-with-dsym";
				ENABLE_NS_ASSERTIONS = NO;
				ENABLE_STRICT_OBJC_MSGSEND = YES;
				GCC_C_LANGUAGE_STANDARD = gnu99;
				GCC_NO_COMMON_BLOCKS = YES;
				GCC_WARN_64_TO_32_BIT_CONVERSION = YES;
				GCC_WARN_ABOUT_RETURN_TYPE = YES_ERROR;
				GCC_WARN_UNDECLARED_SELECTOR = YES;
				GCC_WARN_UNINITIALIZED_AUTOS = YES_AGGRESSIVE;
				GCC_WARN_UNUSED_FUNCTION = YES;
				GCC_WARN_UNUSED_VARIABLE = YES;
				IPHONEOS_DEPLOYMENT_TARGET = 10.3;
				MTL_ENABLE_DEBUG_INFO = NO;
				SDKROOT = iphoneos;
				VALIDATE_PRODUCT = YES;
			};
			name = Release;
		};
		104ACD961EAAFF0D00B1AF05 /* Debug */ = {
			isa = XCBuildConfiguration;
			baseConfigurationReference = 60FF1FD7E26E04407EF0AFCA /* Pods-PeriodHelper.debug.xcconfig */;
			buildSettings = {
				ASSETCATALOG_COMPILER_APPICON_NAME = AppIcon;
				CODE_SIGN_ENTITLEMENTS = PeriodHelper/PeriodHelper.entitlements;
				DEVELOPMENT_TEAM = 97365M2U5B;
				GCC_PRECOMPILE_PREFIX_HEADER = YES;
				GCC_PREFIX_HEADER = "PeriodHelper/PeriodHelper-PrefixHeader.pch";
				INFOPLIST_FILE = PeriodHelper/Info.plist;
				IPHONEOS_DEPLOYMENT_TARGET = 9.0;
				LD_RUNPATH_SEARCH_PATHS = "$(inherited) @executable_path/Frameworks";
				PRODUCT_BUNDLE_IDENTIFIER = com.gigigun.PeriodHelper;
				PRODUCT_NAME = "$(TARGET_NAME)";
			};
			name = Debug;
		};
		104ACD971EAAFF0D00B1AF05 /* Release */ = {
			isa = XCBuildConfiguration;
			baseConfigurationReference = 0727E834EF719F20388217D0 /* Pods-PeriodHelper.release.xcconfig */;
			buildSettings = {
				ASSETCATALOG_COMPILER_APPICON_NAME = AppIcon;
				CODE_SIGN_ENTITLEMENTS = PeriodHelper/PeriodHelper.entitlements;
				DEVELOPMENT_TEAM = 97365M2U5B;
				GCC_PRECOMPILE_PREFIX_HEADER = YES;
				GCC_PREFIX_HEADER = "PeriodHelper/PeriodHelper-PrefixHeader.pch";
				INFOPLIST_FILE = PeriodHelper/Info.plist;
				IPHONEOS_DEPLOYMENT_TARGET = 9.0;
				LD_RUNPATH_SEARCH_PATHS = "$(inherited) @executable_path/Frameworks";
				PRODUCT_BUNDLE_IDENTIFIER = com.gigigun.PeriodHelper;
				PRODUCT_NAME = "$(TARGET_NAME)";
			};
			name = Release;
		};
		104ACD991EAAFF0D00B1AF05 /* Debug */ = {
			isa = XCBuildConfiguration;
			buildSettings = {
				BUNDLE_LOADER = "$(TEST_HOST)";
				DEVELOPMENT_TEAM = 97365M2U5B;
				INFOPLIST_FILE = PeriodHelperTests/Info.plist;
				LD_RUNPATH_SEARCH_PATHS = "$(inherited) @executable_path/Frameworks @loader_path/Frameworks";
				PRODUCT_BUNDLE_IDENTIFIER = HippoColors.PeriodHelperTests;
				PRODUCT_NAME = "$(TARGET_NAME)";
				TEST_HOST = "$(BUILT_PRODUCTS_DIR)/PeriodHelper.app/PeriodHelper";
			};
			name = Debug;
		};
		104ACD9A1EAAFF0D00B1AF05 /* Release */ = {
			isa = XCBuildConfiguration;
			buildSettings = {
				BUNDLE_LOADER = "$(TEST_HOST)";
				DEVELOPMENT_TEAM = 97365M2U5B;
				INFOPLIST_FILE = PeriodHelperTests/Info.plist;
				LD_RUNPATH_SEARCH_PATHS = "$(inherited) @executable_path/Frameworks @loader_path/Frameworks";
				PRODUCT_BUNDLE_IDENTIFIER = HippoColors.PeriodHelperTests;
				PRODUCT_NAME = "$(TARGET_NAME)";
				TEST_HOST = "$(BUILT_PRODUCTS_DIR)/PeriodHelper.app/PeriodHelper";
			};
			name = Release;
		};
		104ACD9C1EAAFF0D00B1AF05 /* Debug */ = {
			isa = XCBuildConfiguration;
			buildSettings = {
				DEVELOPMENT_TEAM = 97365M2U5B;
				INFOPLIST_FILE = PeriodHelperUITests/Info.plist;
				LD_RUNPATH_SEARCH_PATHS = "$(inherited) @executable_path/Frameworks @loader_path/Frameworks";
				PRODUCT_BUNDLE_IDENTIFIER = HippoColors.PeriodHelperUITests;
				PRODUCT_NAME = "$(TARGET_NAME)";
				TEST_TARGET_NAME = PeriodHelper;
			};
			name = Debug;
		};
		104ACD9D1EAAFF0D00B1AF05 /* Release */ = {
			isa = XCBuildConfiguration;
			buildSettings = {
				DEVELOPMENT_TEAM = 97365M2U5B;
				INFOPLIST_FILE = PeriodHelperUITests/Info.plist;
				LD_RUNPATH_SEARCH_PATHS = "$(inherited) @executable_path/Frameworks @loader_path/Frameworks";
				PRODUCT_BUNDLE_IDENTIFIER = HippoColors.PeriodHelperUITests;
				PRODUCT_NAME = "$(TARGET_NAME)";
				TEST_TARGET_NAME = PeriodHelper;
			};
			name = Release;
		};
/* End XCBuildConfiguration section */

/* Begin XCConfigurationList section */
		104ACD601EAAFF0D00B1AF05 /* Build configuration list for PBXProject "PeriodHelper" */ = {
			isa = XCConfigurationList;
			buildConfigurations = (
				104ACD931EAAFF0D00B1AF05 /* Debug */,
				104ACD941EAAFF0D00B1AF05 /* Release */,
			);
			defaultConfigurationIsVisible = 0;
			defaultConfigurationName = Release;
		};
		104ACD951EAAFF0D00B1AF05 /* Build configuration list for PBXNativeTarget "PeriodHelper" */ = {
			isa = XCConfigurationList;
			buildConfigurations = (
				104ACD961EAAFF0D00B1AF05 /* Debug */,
				104ACD971EAAFF0D00B1AF05 /* Release */,
			);
			defaultConfigurationIsVisible = 0;
			defaultConfigurationName = Release;
		};
		104ACD981EAAFF0D00B1AF05 /* Build configuration list for PBXNativeTarget "PeriodHelperTests" */ = {
			isa = XCConfigurationList;
			buildConfigurations = (
				104ACD991EAAFF0D00B1AF05 /* Debug */,
				104ACD9A1EAAFF0D00B1AF05 /* Release */,
			);
			defaultConfigurationIsVisible = 0;
			defaultConfigurationName = Release;
		};
		104ACD9B1EAAFF0D00B1AF05 /* Build configuration list for PBXNativeTarget "PeriodHelperUITests" */ = {
			isa = XCConfigurationList;
			buildConfigurations = (
				104ACD9C1EAAFF0D00B1AF05 /* Debug */,
				104ACD9D1EAAFF0D00B1AF05 /* Release */,
			);
			defaultConfigurationIsVisible = 0;
			defaultConfigurationName = Release;
		};
/* End XCConfigurationList section */

/* Begin XCVersionGroup section */
		104ACD741EAAFF0D00B1AF05 /* PeriodHelper.xcdatamodeld */ = {
			isa = XCVersionGroup;
			children = (
				104ACD751EAAFF0D00B1AF05 /* PeriodHelper.xcdatamodel */,
			);
			currentVersion = 104ACD751EAAFF0D00B1AF05 /* PeriodHelper.xcdatamodel */;
			path = PeriodHelper.xcdatamodeld;
			sourceTree = "<group>";
			versionGroupType = wrapper.xcdatamodel;
		};
/* End XCVersionGroup section */
	};
	rootObject = 104ACD5D1EAAFF0D00B1AF05 /* Project object */;
}
